{
  "lock_format": 1,
  "rfds": "RFDS-017",
  "specification_version": "3.0",
  "driver_version": "26.16.0",
  "contract_file": "bk8500_load_ai_contract.yaml",
  "contract_sha256": "b07803a8815edb5842fded64675992b0f749b03b19dea36f23dff505d1ee8ab1",
  "contract_bytes": 86968,
  "keyword_count": 61,
  "keyword_surface_sha256": "61d2f4643fa8b9766ed01cad3cf4b7957645e345cf00ba81c1c4e17f9b1bd6b2",
  "keywords": [
    "Apply Constant Current(current, enable_input)",
    "Apply Constant Power(power, enable_input)",
    "Apply Constant Resistance(resistance, enable_input)",
    "Apply Constant Voltage(voltage, enable_input)",
    "Check Communication(alias)",
    "Claim Remote Control()",
    "Close All Load Connections(safe)",
    "Close Load Connection(alias, safe)",
    "Configure Load List(mode, steps, repeat, name)",
    "Configure Load Protection(max_voltage, max_current, max_power)",
    "Configure Load Transient(mode, level_a, dwell_a, level_b, dwell_b, operation)",
    "Connect(resource, alias, timeout_s, options)",
    "Disconnect(alias)",
    "Get Battery Cutoff Voltage()",
    "Get Connection State(alias, refresh)",
    "Get Identity(alias, refresh)",
    "Get Load Connection Info()",
    "Get Load Current()",
    "Get Load Function()",
    "Get Load List Step Count()",
    "Get Load List Step(mode, index)",
    "Get Load Mode()",
    "Get Load On Timer()",
    "Get Load Power()",
    "Get Load Product Information()",
    "Get Load Protection Limits()",
    "Get Load Rated Limits()",
    "Get Load Setpoint(mode)",
    "Get Load Transient(mode)",
    "Get Load Trigger Source()",
    "Get Load Voltage()",
    "Get Remote Sense()",
    "Is Connected(alias)",
    "Load Current Should Be Within(expected, tolerance)",
    "Load Input Off()",
    "Load Input On()",
    "Load Input State Should Be(expected)",
    "Load Mode Should Be(expected)",
    "Load Power Should Be Within(expected, tolerance)",
    "Load Should Report No Protection Faults()",
    "Load Voltage Should Be Within(expected, tolerance)",
    "Measure Load Input()",
    "Open Load Connection(port, baudrate, model, alias, address, timeout, simulated, identify, assert_dtr, assert_rts, source_voltage, source_resistance, auto_detect_baudrate, baudrate_candidates, probe_timeout, confirm_baudrate_identity)",
    "Recall Load List File(location)",
    "Recall Load Settings(register)",
    "Release Remote Control()",
    "Reset Load To Safe State()",
    "Save Load List File(location)",
    "Save Load Settings(register)",
    "Set Battery Cutoff Voltage(voltage)",
    "Set Load Function Unchecked(function)",
    "Set Load Function(function)",
    "Set Load Mode(mode)",
    "Set Load On Timer(seconds, enabled)",
    "Set Load Setpoint(mode, value)",
    "Set Load Trigger Source(source)",
    "Set Local Key Enabled(enabled)",
    "Set Remote Sense(enabled)",
    "Switch Load Connection(alias)",
    "Trigger Load()",
    "Wait Until Load Reading Is Stable(quantity, tolerance, window, timeout, interval)"
  ],
  "generated_at": "2026-08-01T15:50:10+00:00"
}
